
Microsoft Visual Studio Solution File, Format Version 12.00
# Visual Studio Version 17
VisualStudioVersion = 17.1.32210.238
MinimumVisualStudioVersion = 10.0.40219.1
Project("{FAE04EC0-301F-11D3-BF4B-00C04F79EFBC}") = "Application", "Application\Application.csproj", "{ED3A3650-3662-4D84-B78B-17F2F2246ACF}"
EndProject
Project("{FAE04EC0-301F-11D3-BF4B-00C04F79EFBC}") = "Domain", "Domain\Domain.csproj", "{3C65FC30-CD77-4157-9D11-01F738759ED5}"
EndProject
Project("{FAE04EC0-301F-11D3-BF4B-00C04F79EFBC}") = "Persistence", "Persistence\Persistence.csproj", "{E585CCC3-B63E-4451-84BC-3105B7287613}"
EndProject
Project("{2150E333-8FDC-42A3-9474-1A3956D46DE8}") = "Tests", "Tests", "{3FB108F2-5D88-4519-ADE6-4A8D2898DB90}"
EndProject
Project("{FAE04EC0-301F-11D3-BF4B-00C04F79EFBC}") = "Application.Tests", "Application.Tests\Application.Tests.csproj", "{A9DAAA35-1AE7-46CE-851F-DDAACCB307EB}"
EndProject
Global
	GlobalSection(SolutionConfigurationPlatforms) = preSolution
		Debug|Any CPU = Debug|Any CPU
		Release|Any CPU = Release|Any CPU
	EndGlobalSection
	GlobalSection(ProjectConfigurationPlatforms) = postSolution
		{ED3A3650-3662-4D84-B78B-17F2F2246ACF}.Debug|Any CPU.ActiveCfg = Debug|Any CPU
		{ED3A3650-3662-4D84-B78B-17F2F2246ACF}.Debug|Any CPU.Build.0 = Debug|Any CPU
		{ED3A3650-3662-4D84-B78B-17F2F2246ACF}.Release|Any CPU.ActiveCfg = Release|Any CPU
		{ED3A3650-3662-4D84-B78B-17F2F2246ACF}.Release|Any CPU.Build.0 = Release|Any CPU
		{3C65FC30-CD77-4157-9D11-01F738759ED5}.Debug|Any CPU.ActiveCfg = Debug|Any CPU
		{3C65FC30-CD77-4157-9D11-01F738759ED5}.Debug|Any CPU.Build.0 = Debug|Any CPU
		{3C65FC30-CD77-4157-9D11-01F738759ED5}.Release|Any CPU.ActiveCfg = Release|Any CPU
		{3C65FC30-CD77-4157-9D11-01F738759ED5}.Release|Any CPU.Build.0 = Release|Any CPU
		{E585CCC3-B63E-4451-84BC-3105B7287613}.Debug|Any CPU.ActiveCfg = Debug|Any CPU
		{E585CCC3-B63E-4451-84BC-3105B7287613}.Debug|Any CPU.Build.0 = Debug|Any CPU
		{E585CCC3-B63E-4451-84BC-3105B7287613}.Release|Any CPU.ActiveCfg = Release|Any CPU
		{E585CCC3-B63E-4451-84BC-3105B7287613}.Release|Any CPU.Build.0 = Release|Any CPU
		{A9DAAA35-1AE7-46CE-851F-DDAACCB307EB}.Debug|Any CPU.ActiveCfg = Debug|Any CPU
		{A9DAAA35-1AE7-46CE-851F-DDAACCB307EB}.Debug|Any CPU.Build.0 = Debug|Any CPU
		{A9DAAA35-1AE7-46CE-851F-DDAACCB307EB}.Release|Any CPU.ActiveCfg = Release|Any CPU
		{A9DAAA35-1AE7-46CE-851F-DDAACCB307EB}.Release|Any CPU.Build.0 = Release|Any CPU
	EndGlobalSection
	GlobalSection(SolutionProperties) = preSolution
		HideSolutionNode = FALSE
	EndGlobalSection
	GlobalSection(NestedProjects) = preSolution
		{A9DAAA35-1AE7-46CE-851F-DDAACCB307EB} = {3FB108F2-5D88-4519-ADE6-4A8D2898DB90}
	EndGlobalSection
	GlobalSection(ExtensibilityGlobals) = postSolution
		SolutionGuid = {34D52F87-FB5F-4C03-9EDF-96A1B9E48C09}
	EndGlobalSection
EndGlobal
